
Microsoft Visual Studio Solution File, Format Version 12.00
# Visual Studio Version 17
VisualStudioVersion = 17.7.34221.43
MinimumVisualStudioVersion = 10.0.40219.1
Project("{FAE04EC0-301F-11D3-BF4B-00C04F79EFBC}") = "trabalhoSilvio", "trabalhoSilvio\trabalhoSilvio.csproj", "{23D86EBD-CBF8-4DFB-90AC-8AF1D4D297B2}"
EndProject
Global
	GlobalSection(SolutionConfigurationPlatforms) = preSolution
		Debug|Any CPU = Debug|Any CPU
		Release|Any CPU = Release|Any CPU
	EndGlobalSection
	GlobalSection(ProjectConfigurationPlatforms) = postSolution
		{23D86EBD-CBF8-4DFB-90AC-8AF1D4D297B2}.Debug|Any CPU.ActiveCfg = Debug|Any CPU
		{23D86EBD-CBF8-4DFB-90AC-8AF1D4D297B2}.Debug|Any CPU.Build.0 = Debug|Any CPU
		{23D86EBD-CBF8-4DFB-90AC-8AF1D4D297B2}.Release|Any CPU.ActiveCfg = Release|Any CPU
		{23D86EBD-CBF8-4DFB-90AC-8AF1D4D297B2}.Release|Any CPU.Build.0 = Release|Any CPU
	EndGlobalSection
	GlobalSection(SolutionProperties) = preSolution
		HideSolutionNode = FALSE
	EndGlobalSection
	GlobalSection(ExtensibilityGlobals) = postSolution
		SolutionGuid = {F20F7684-090E-4D1D-AEDB-8AE83CDB0BAC}
	EndGlobalSection
EndGlobal
